{
  "name": "FamilyHubs.Idams.Maintenance.UI",
  "lockfileVersion": 2,
  "requires": true,
  "packages": {
    "": {
      "dependencies": {
        "familyhubs-frontend": "file:../../src/familyhubs-frontend"
      }
    },
    "../familyhubs-frontend": {},
    "node_modules/familyhubs-frontend": {
      "resolved": "../familyhubs-frontend",
      "link": true
    }
  },
  "dependencies": {
    "familyhubs-frontend": {
      "version": "file:../familyhubs-frontend"
    }
  }
}
