{
  "name": "FamilyHubs.Referral.Web",
  "lockfileVersion": 3,
  "requires": true,
  "packages": {
    "": {
      "dependencies": {
        "familyhubs-frontend": "file:../../src/familyhubs-frontend"
      }
    },
    "../familyhubs-frontend": {},
    "node_modules/familyhubs-frontend": {
      "resolved": "../familyhubs-frontend",
      "link": true
    }
  }
}
