
Microsoft Visual Studio Solution File, Format Version 12.00
# Visual Studio Version 17
VisualStudioVersion = 17.0.31903.59
MinimumVisualStudioVersion = 10.0.40219.1
Project("{2150E333-8FDC-42A3-9474-1A3956D46DE8}") = "shared", "shared", "{A46C9036-E1D0-4A83-A575-F13BECE21092}"
EndProject
Project("{FAE04EC0-301F-11D3-BF4B-00C04F79EFBC}") = "FamilyHubs.Notification.Api.Contracts", "shared\FamilyHubs.Notification.Api.Contracts\FamilyHubs.Notification.Api.Contracts.csproj", "{166BDF98-FE32-4AA6-91B5-6408B7C0C763}"
EndProject
Project("{2150E333-8FDC-42A3-9474-1A3956D46DE8}") = "src", "src", "{53299E32-3AAA-4B81-998D-50CA9D43688C}"
EndProject
Project("{FAE04EC0-301F-11D3-BF4B-00C04F79EFBC}") = "FamilyHubs.Notification.Api.Client", "src\FamilyHubs.Notification.Api.Client\FamilyHubs.Notification.Api.Client.csproj", "{724C2ABE-237A-4A7D-ABA3-213C387CEAB1}"
EndProject
Project("{FAE04EC0-301F-11D3-BF4B-00C04F79EFBC}") = "FamilyHubs.Notification.Api", "src\FamilyHubs.Notification.Api\FamilyHubs.Notification.Api.csproj", "{D21F752C-8D94-4D4A-BEC7-4528A9326734}"
EndProject
Project("{FAE04EC0-301F-11D3-BF4B-00C04F79EFBC}") = "FamilyHubs.Notification.Core", "src\FamilyHubs.Notification.Core\FamilyHubs.Notification.Core.csproj", "{A265685D-92F0-4D22-A0AF-853B26965ECD}"
EndProject
Project("{FAE04EC0-301F-11D3-BF4B-00C04F79EFBC}") = "FamilyHubs.Notification.Data", "src\FamilyHubs.Notification.Data\FamilyHubs.Notification.Data.csproj", "{49F1373C-9A22-4248-9A7D-972B5D4EA203}"
EndProject
Project("{2150E333-8FDC-42A3-9474-1A3956D46DE8}") = "tests", "tests", "{91D3F1D2-C975-41B3-A97C-E9E81EC43A98}"
EndProject
Project("{FAE04EC0-301F-11D3-BF4B-00C04F79EFBC}") = "FamilyHubs.Notification.Api.Contracts.Tests", "tests\FamilyHubs.Notification.Api.Contracts.Tests.csproj\FamilyHubs.Notification.Api.Contracts.Tests.csproj", "{F6FDBE1F-A721-45D4-85E6-75D772EFB3F0}"
EndProject
Project("{FAE04EC0-301F-11D3-BF4B-00C04F79EFBC}") = "FamilyHubs.Notification.FunctionalTests", "tests\FamilyHubs.Notification.FunctionalTests\FamilyHubs.Notification.FunctionalTests.csproj", "{8044765E-45D6-4DDF-A968-03C6810F0477}"
EndProject
Project("{FAE04EC0-301F-11D3-BF4B-00C04F79EFBC}") = "FamilyHubs.Notification.IntegrationTests", "tests\FamilyHubs.Notification.IntegrationTests\FamilyHubs.Notification.IntegrationTests.csproj", "{F2A801A3-BCF7-47F7-9138-9C96FF3633C7}"
EndProject
Project("{FAE04EC0-301F-11D3-BF4B-00C04F79EFBC}") = "FamilyHubs.Notification.UnitTests", "tests\FamilyHubs.Notification.UnitTests\FamilyHubs.Notification.UnitTests.csproj", "{724622FC-B606-4E31-8C1F-363065960964}"
EndProject
Global
	GlobalSection(SolutionConfigurationPlatforms) = preSolution
		Debug|Any CPU = Debug|Any CPU
		Release|Any CPU = Release|Any CPU
	EndGlobalSection
	GlobalSection(SolutionProperties) = preSolution
		HideSolutionNode = FALSE
	EndGlobalSection
	GlobalSection(ProjectConfigurationPlatforms) = postSolution
		{166BDF98-FE32-4AA6-91B5-6408B7C0C763}.Debug|Any CPU.ActiveCfg = Debug|Any CPU
		{166BDF98-FE32-4AA6-91B5-6408B7C0C763}.Debug|Any CPU.Build.0 = Debug|Any CPU
		{166BDF98-FE32-4AA6-91B5-6408B7C0C763}.Release|Any CPU.ActiveCfg = Release|Any CPU
		{166BDF98-FE32-4AA6-91B5-6408B7C0C763}.Release|Any CPU.Build.0 = Release|Any CPU
		{724C2ABE-237A-4A7D-ABA3-213C387CEAB1}.Debug|Any CPU.ActiveCfg = Debug|Any CPU
		{724C2ABE-237A-4A7D-ABA3-213C387CEAB1}.Debug|Any CPU.Build.0 = Debug|Any CPU
		{724C2ABE-237A-4A7D-ABA3-213C387CEAB1}.Release|Any CPU.ActiveCfg = Release|Any CPU
		{724C2ABE-237A-4A7D-ABA3-213C387CEAB1}.Release|Any CPU.Build.0 = Release|Any CPU
		{D21F752C-8D94-4D4A-BEC7-4528A9326734}.Debug|Any CPU.ActiveCfg = Debug|Any CPU
		{D21F752C-8D94-4D4A-BEC7-4528A9326734}.Debug|Any CPU.Build.0 = Debug|Any CPU
		{D21F752C-8D94-4D4A-BEC7-4528A9326734}.Release|Any CPU.ActiveCfg = Release|Any CPU
		{D21F752C-8D94-4D4A-BEC7-4528A9326734}.Release|Any CPU.Build.0 = Release|Any CPU
		{A265685D-92F0-4D22-A0AF-853B26965ECD}.Debug|Any CPU.ActiveCfg = Debug|Any CPU
		{A265685D-92F0-4D22-A0AF-853B26965ECD}.Debug|Any CPU.Build.0 = Debug|Any CPU
		{A265685D-92F0-4D22-A0AF-853B26965ECD}.Release|Any CPU.ActiveCfg = Release|Any CPU
		{A265685D-92F0-4D22-A0AF-853B26965ECD}.Release|Any CPU.Build.0 = Release|Any CPU
		{49F1373C-9A22-4248-9A7D-972B5D4EA203}.Debug|Any CPU.ActiveCfg = Debug|Any CPU
		{49F1373C-9A22-4248-9A7D-972B5D4EA203}.Debug|Any CPU.Build.0 = Debug|Any CPU
		{49F1373C-9A22-4248-9A7D-972B5D4EA203}.Release|Any CPU.ActiveCfg = Release|Any CPU
		{49F1373C-9A22-4248-9A7D-972B5D4EA203}.Release|Any CPU.Build.0 = Release|Any CPU
		{F6FDBE1F-A721-45D4-85E6-75D772EFB3F0}.Debug|Any CPU.ActiveCfg = Debug|Any CPU
		{F6FDBE1F-A721-45D4-85E6-75D772EFB3F0}.Debug|Any CPU.Build.0 = Debug|Any CPU
		{F6FDBE1F-A721-45D4-85E6-75D772EFB3F0}.Release|Any CPU.ActiveCfg = Release|Any CPU
		{F6FDBE1F-A721-45D4-85E6-75D772EFB3F0}.Release|Any CPU.Build.0 = Release|Any CPU
		{8044765E-45D6-4DDF-A968-03C6810F0477}.Debug|Any CPU.ActiveCfg = Debug|Any CPU
		{8044765E-45D6-4DDF-A968-03C6810F0477}.Debug|Any CPU.Build.0 = Debug|Any CPU
		{8044765E-45D6-4DDF-A968-03C6810F0477}.Release|Any CPU.ActiveCfg = Release|Any CPU
		{8044765E-45D6-4DDF-A968-03C6810F0477}.Release|Any CPU.Build.0 = Release|Any CPU
		{F2A801A3-BCF7-47F7-9138-9C96FF3633C7}.Debug|Any CPU.ActiveCfg = Debug|Any CPU
		{F2A801A3-BCF7-47F7-9138-9C96FF3633C7}.Debug|Any CPU.Build.0 = Debug|Any CPU
		{F2A801A3-BCF7-47F7-9138-9C96FF3633C7}.Release|Any CPU.ActiveCfg = Release|Any CPU
		{F2A801A3-BCF7-47F7-9138-9C96FF3633C7}.Release|Any CPU.Build.0 = Release|Any CPU
		{724622FC-B606-4E31-8C1F-363065960964}.Debug|Any CPU.ActiveCfg = Debug|Any CPU
		{724622FC-B606-4E31-8C1F-363065960964}.Debug|Any CPU.Build.0 = Debug|Any CPU
		{724622FC-B606-4E31-8C1F-363065960964}.Release|Any CPU.ActiveCfg = Release|Any CPU
		{724622FC-B606-4E31-8C1F-363065960964}.Release|Any CPU.Build.0 = Release|Any CPU
	EndGlobalSection
	GlobalSection(NestedProjects) = preSolution
		{166BDF98-FE32-4AA6-91B5-6408B7C0C763} = {A46C9036-E1D0-4A83-A575-F13BECE21092}
		{724C2ABE-237A-4A7D-ABA3-213C387CEAB1} = {53299E32-3AAA-4B81-998D-50CA9D43688C}
		{D21F752C-8D94-4D4A-BEC7-4528A9326734} = {53299E32-3AAA-4B81-998D-50CA9D43688C}
		{A265685D-92F0-4D22-A0AF-853B26965ECD} = {53299E32-3AAA-4B81-998D-50CA9D43688C}
		{49F1373C-9A22-4248-9A7D-972B5D4EA203} = {53299E32-3AAA-4B81-998D-50CA9D43688C}
		{F6FDBE1F-A721-45D4-85E6-75D772EFB3F0} = {91D3F1D2-C975-41B3-A97C-E9E81EC43A98}
		{8044765E-45D6-4DDF-A968-03C6810F0477} = {91D3F1D2-C975-41B3-A97C-E9E81EC43A98}
		{F2A801A3-BCF7-47F7-9138-9C96FF3633C7} = {91D3F1D2-C975-41B3-A97C-E9E81EC43A98}
		{724622FC-B606-4E31-8C1F-363065960964} = {91D3F1D2-C975-41B3-A97C-E9E81EC43A98}
	EndGlobalSection
EndGlobal
