
Microsoft Visual Studio Solution File, Format Version 12.00
# Visual Studio Version 17
VisualStudioVersion = 17.2.32630.192
MinimumVisualStudioVersion = 10.0.40219.1
Project("{2150E333-8FDC-42A3-9474-1A3956D46DE8}") = "src", "src", "{F6A22F03-7B1D-4140-AB42-12FEBDBAF23C}"
EndProject
Project("{2150E333-8FDC-42A3-9474-1A3956D46DE8}") = "tests", "tests", "{7D522EFC-2888-443B-9D74-82679CE08792}"
EndProject
Project("{9A19103F-16F7-4668-BE54-9A1E7A4F7556}") = "FamilyHubs.SharedKernel", "src\fh-shared-kernel.shared-kernel\FamilyHubs.SharedKernel.csproj", "{1477507E-C615-4FFF-A1C9-A8E6265EE51B}"
EndProject
Project("{9A19103F-16F7-4668-BE54-9A1E7A4F7556}") = "FamilyHubs.SharedKernel.UnitTests", "tests\fh-shared-kernel.unit-tests\FamilyHubs.SharedKernel.UnitTests.csproj", "{32B1435A-437F-4F0A-A26C-BF741760B062}"
EndProject
Project("{2150E333-8FDC-42A3-9474-1A3956D46DE8}") = "docs", "docs", "{22790A2C-A6DB-4505-849B-7C61AE2AFB6B}"
	ProjectSection(SolutionItems) = preProject
		README.md = README.md
	EndProjectSection
EndProject
Project("{2150E333-8FDC-42A3-9474-1A3956D46DE8}") = "global", "global", "{86532548-27EB-45BC-A928-E93ACFFA0C08}"
	ProjectSection(SolutionItems) = preProject
		.gitignore = .gitignore
	EndProjectSection
EndProject
Project("{9A19103F-16F7-4668-BE54-9A1E7A4F7556}") = "EntityFrameworkCore.DataEncryption", "src\EntityFrameworkCore.DataEncryption\EntityFrameworkCore.DataEncryption.csproj", "{D5038ED5-A765-4904-94FB-EE71335E5A84}"
EndProject
Project("{9A19103F-16F7-4668-BE54-9A1E7A4F7556}") = "EntityFrameworkCore.DataEncryption.Test", "tests\EntityFrameworkCore.DataEncryption.Test\EntityFrameworkCore.DataEncryption.Test.csproj", "{86D449F2-4EEA-4A6A-8FD8-806C3CB2655A}"
EndProject
Global
	GlobalSection(SolutionConfigurationPlatforms) = preSolution
		Debug|Any CPU = Debug|Any CPU
		Release|Any CPU = Release|Any CPU
	EndGlobalSection
	GlobalSection(ProjectConfigurationPlatforms) = postSolution
		{1477507E-C615-4FFF-A1C9-A8E6265EE51B}.Debug|Any CPU.ActiveCfg = Debug|Any CPU
		{1477507E-C615-4FFF-A1C9-A8E6265EE51B}.Debug|Any CPU.Build.0 = Debug|Any CPU
		{1477507E-C615-4FFF-A1C9-A8E6265EE51B}.Release|Any CPU.ActiveCfg = Release|Any CPU
		{1477507E-C615-4FFF-A1C9-A8E6265EE51B}.Release|Any CPU.Build.0 = Release|Any CPU
		{32B1435A-437F-4F0A-A26C-BF741760B062}.Debug|Any CPU.ActiveCfg = Debug|Any CPU
		{32B1435A-437F-4F0A-A26C-BF741760B062}.Debug|Any CPU.Build.0 = Debug|Any CPU
		{32B1435A-437F-4F0A-A26C-BF741760B062}.Release|Any CPU.ActiveCfg = Release|Any CPU
		{32B1435A-437F-4F0A-A26C-BF741760B062}.Release|Any CPU.Build.0 = Release|Any CPU
		{D5038ED5-A765-4904-94FB-EE71335E5A84}.Debug|Any CPU.ActiveCfg = Debug|Any CPU
		{D5038ED5-A765-4904-94FB-EE71335E5A84}.Debug|Any CPU.Build.0 = Debug|Any CPU
		{D5038ED5-A765-4904-94FB-EE71335E5A84}.Release|Any CPU.ActiveCfg = Release|Any CPU
		{D5038ED5-A765-4904-94FB-EE71335E5A84}.Release|Any CPU.Build.0 = Release|Any CPU
		{86D449F2-4EEA-4A6A-8FD8-806C3CB2655A}.Debug|Any CPU.ActiveCfg = Debug|Any CPU
		{86D449F2-4EEA-4A6A-8FD8-806C3CB2655A}.Debug|Any CPU.Build.0 = Debug|Any CPU
		{86D449F2-4EEA-4A6A-8FD8-806C3CB2655A}.Release|Any CPU.ActiveCfg = Release|Any CPU
		{86D449F2-4EEA-4A6A-8FD8-806C3CB2655A}.Release|Any CPU.Build.0 = Release|Any CPU
	EndGlobalSection
	GlobalSection(SolutionProperties) = preSolution
		HideSolutionNode = FALSE
	EndGlobalSection
	GlobalSection(NestedProjects) = preSolution
		{1477507E-C615-4FFF-A1C9-A8E6265EE51B} = {F6A22F03-7B1D-4140-AB42-12FEBDBAF23C}
		{32B1435A-437F-4F0A-A26C-BF741760B062} = {7D522EFC-2888-443B-9D74-82679CE08792}
		{D5038ED5-A765-4904-94FB-EE71335E5A84} = {F6A22F03-7B1D-4140-AB42-12FEBDBAF23C}
		{86D449F2-4EEA-4A6A-8FD8-806C3CB2655A} = {7D522EFC-2888-443B-9D74-82679CE08792}
	EndGlobalSection
	GlobalSection(ExtensibilityGlobals) = postSolution
		SolutionGuid = {C201054B-AFD5-490A-AC28-D1877657240E}
	EndGlobalSection
EndGlobal
