{
  "name": "familyhubs.requestforsupport.web",
  "version": "1.0.0",
  "lockfileVersion": 3,
  "requires": true,
  "packages": {
    "": {
      "name": "familyhubs.requestforsupport.web",
      "version": "1.0.0",
      "license": "MIT",
      "dependencies": {
        "familyhubs-frontend": "file:../../../..shared/web-components/src/familyhubs-frontend"
      }
    },
    "../../../../shared/web-components/src/familyhubs-frontend": {
      "version": "9.5.1",
      "extraneous": true,
      "hasInstallScript": true,
      "license": "MIT",
      "dependencies": {
        "@ministryofjustice/frontend": "^2.1.1",
        "@types/gtag.js": "^0.0.12",
        "@types/jquery": "^3.5.17",
        "accessible-autocomplete": "^2.0.4",
        "del": "^5.1.0",
        "dfe-frontend-alpha": "^1.0.0",
        "govuk-frontend": "5.2.0",
        "gulp": "^4.0.2",
        "gulp-better-rollup": "^4.0.1",
        "gulp-concat": "^2.6.1",
        "gulp-csso": "^4.0.1",
        "gulp-rename": "^2.0.0",
        "gulp-sass": "^5.1.0",
        "gulp-sourcemaps": "^3.0.0",
        "gulp-terser": "^2.1.0",
        "gulp-typescript": "^6.0.0-alpha.1",
        "rollup": "^1.32.1",
        "sass": "~1.60",
        "typescript": "^5.2.2"
      }
    },
    "../../../..shared/web-components/src/familyhubs-frontend": {},
    "../familyhubs-frontend": {
      "extraneous": true
    },
    "node_modules/familyhubs-frontend": {
      "resolved": "../../../..shared/web-components/src/familyhubs-frontend",
      "link": true
    }
  }
}
